
Microsoft Visual Studio Solution File, Format Version 12.00
# Visual Studio Version 17
VisualStudioVersion = 17.1.32228.430
MinimumVisualStudioVersion = 10.0.40219.1
Project("{FAE04EC0-301F-11D3-BF4B-00C04F79EFBC}") = "DatingApp.Api", "DatingApp.Api\DatingApp.Api.csproj", "{5A95BAEC-B366-400F-A5F4-EC2CC81FA9D0}"
EndProject
Global
	GlobalSection(SolutionConfigurationPlatforms) = preSolution
		Debug|Any CPU = Debug|Any CPU
		Release|Any CPU = Release|Any CPU
	EndGlobalSection
	GlobalSection(ProjectConfigurationPlatforms) = postSolution
		{5A95BAEC-B366-400F-A5F4-EC2CC81FA9D0}.Debug|Any CPU.ActiveCfg = Debug|Any CPU
		{5A95BAEC-B366-400F-A5F4-EC2CC81FA9D0}.Debug|Any CPU.Build.0 = Debug|Any CPU
		{5A95BAEC-B366-400F-A5F4-EC2CC81FA9D0}.Release|Any CPU.ActiveCfg = Release|Any CPU
		{5A95BAEC-B366-400F-A5F4-EC2CC81FA9D0}.Release|Any CPU.Build.0 = Release|Any CPU
	EndGlobalSection
	GlobalSection(SolutionProperties) = preSolution
		HideSolutionNode = FALSE
	EndGlobalSection
	GlobalSection(ExtensibilityGlobals) = postSolution
		SolutionGuid = {69C152DB-F9E9-43BB-AA3E-DFA20A4CC972}
	EndGlobalSection
EndGlobal
